// !$*UTF8*$!
{
	archiveVersion = 1;
	classes = {
	};
	objectVersion = 46;
	objects = {

/* Begin PBXBuildFile section */
		8F01079D16DADD5B00DC2625 /* AGLTypeNameEstablishment.m in Sources */ = {isa = PBXBuildFile; fileRef = 8F01079C16DADD5900DC2625 /* AGLTypeNameEstablishment.m */; };
		8FE26B2916F2AD3F006E335E /* AGLEstablishment.m in Sources */ = {isa = PBXBuildFile; fileRef = 8FE26B2816F2AD3F006E335E /* AGLEstablishment.m */; };
		8FE4696216D4686E00AD1462 /* AGLTypeEstablishmentDB.m in Sources */ = {isa = PBXBuildFile; fileRef = 8FE4696116D4686E00AD1462 /* AGLTypeEstablishmentDB.m */; };
		8FE4696516DA8EC600AD1462 /* AGLTypeNameEstablishmentDB.m in Sources */ = {isa = PBXBuildFile; fileRef = 8FE4696416DA8EC600AD1462 /* AGLTypeNameEstablishmentDB.m */; };
		8FE4696816DA935700AD1462 /* AGLTypeEstablishment.m in Sources */ = {isa = PBXBuildFile; fileRef = 8FE4696716DA935700AD1462 /* AGLTypeEstablishment.m */; };
		D605D13316BE544E00381FC9 /* AGLTransacaoUtil.m in Sources */ = {isa = PBXBuildFile; fileRef = D605D13216BE544E00381FC9 /* AGLTransacaoUtil.m */; };
		D605D13616BE562500381FC9 /* AGLStateService.m in Sources */ = {isa = PBXBuildFile; fileRef = D605D13516BE562500381FC9 /* AGLStateService.m */; };
		D60E8BE816AB8784006F3414 /* EstadoCell.xib in Resources */ = {isa = PBXBuildFile; fileRef = D60E8BE716AB8784006F3414 /* EstadoCell.xib */; };
		D60E8BEC16AB8B3F006F3414 /* EstadoCell.m in Sources */ = {isa = PBXBuildFile; fileRef = D60E8BEB16AB8B3F006F3414 /* EstadoCell.m */; };
		D62A7A6416A86D8E0087838C /* age.png in Resources */ = {isa = PBXBuildFile; fileRef = D62A7A5F16A86D8E0087838C /* age.png */; };
		D62A7A6516A86D8E0087838C /* gear.png in Resources */ = {isa = PBXBuildFile; fileRef = D62A7A6016A86D8E0087838C /* gear.png */; };
		D62A7A6616A86D8E0087838C /* info.png in Resources */ = {isa = PBXBuildFile; fileRef = D62A7A6116A86D8E0087838C /* info.png */; };
		D62A7A6716A86D8E0087838C /* phone-book.png in Resources */ = {isa = PBXBuildFile; fileRef = D62A7A6216A86D8E0087838C /* phone-book.png */; };
		D62A7A6816A86D8E0087838C /* search.png in Resources */ = {isa = PBXBuildFile; fileRef = D62A7A6316A86D8E0087838C /* search.png */; };
		D62A7A6D16A86E670087838C /* Default-568h@2x.png in Resources */ = {isa = PBXBuildFile; fileRef = D62A7A6A16A86E670087838C /* Default-568h@2x.png */; };
		D62A7A6E16A86E670087838C /* Default.png in Resources */ = {isa = PBXBuildFile; fileRef = D62A7A6B16A86E670087838C /* Default.png */; };
		D62A7A6F16A86E670087838C /* Default@2x.png in Resources */ = {isa = PBXBuildFile; fileRef = D62A7A6C16A86E670087838C /* Default@2x.png */; };
		D62A7AA616A8D77D0087838C /* icon-iPhone.png in Resources */ = {isa = PBXBuildFile; fileRef = D62A7AA416A8D77D0087838C /* icon-iPhone.png */; };
		D62A7AA716A8D77D0087838C /* icon-iPhone@2x.png in Resources */ = {isa = PBXBuildFile; fileRef = D62A7AA516A8D77D0087838C /* icon-iPhone@2x.png */; };
		D62A7C2716AA0CAD0087838C /* Utils.m in Sources */ = {isa = PBXBuildFile; fileRef = D62A7C2616AA0CAD0087838C /* Utils.m */; };
		D63AF9E216BCF6B200CAABE6 /* libsqlite3.dylib in Frameworks */ = {isa = PBXBuildFile; fileRef = D6C5B3F3168512C00071CFD3 /* libsqlite3.dylib */; };
		D63AF9E616BCF75300CAABE6 /* StateDB.m in Sources */ = {isa = PBXBuildFile; fileRef = D63AF9E516BCF75300CAABE6 /* StateDB.m */; };
		D63AF9E916BCF89E00CAABE6 /* AGLSQLiteHelper.m in Sources */ = {isa = PBXBuildFile; fileRef = D63AF9E816BCF89E00CAABE6 /* AGLSQLiteHelper.m */; };
		D64CB3CF16B220760030F016 /* alagoas.png in Resources */ = {isa = PBXBuildFile; fileRef = D64CB3BA16B220760030F016 /* alagoas.png */; };
		D64CB3D016B220760030F016 /* amapa.png in Resources */ = {isa = PBXBuildFile; fileRef = D64CB3BB16B220760030F016 /* amapa.png */; };
		D64CB3D116B220760030F016 /* amazonas.png in Resources */ = {isa = PBXBuildFile; fileRef = D64CB3BC16B220760030F016 /* amazonas.png */; };
		D64CB3D216B220760030F016 /* bahia.png in Resources */ = {isa = PBXBuildFile; fileRef = D64CB3BD16B220760030F016 /* bahia.png */; };
		D64CB3D316B220760030F016 /* ceara.png in Resources */ = {isa = PBXBuildFile; fileRef = D64CB3BE16B220760030F016 /* ceara.png */; };
		D64CB3D416B220760030F016 /* df.png in Resources */ = {isa = PBXBuildFile; fileRef = D64CB3BF16B220760030F016 /* df.png */; };
		D64CB3D516B220760030F016 /* espiritosanto.png in Resources */ = {isa = PBXBuildFile; fileRef = D64CB3C016B220760030F016 /* espiritosanto.png */; };
		D64CB3D616B220760030F016 /* goias.png in Resources */ = {isa = PBXBuildFile; fileRef = D64CB3C116B220760030F016 /* goias.png */; };
		D64CB3D716B220760030F016 /* maranhao.png in Resources */ = {isa = PBXBuildFile; fileRef = D64CB3C216B220760030F016 /* maranhao.png */; };
		D64CB3D816B220760030F016 /* matogrosso.png in Resources */ = {isa = PBXBuildFile; fileRef = D64CB3C316B220760030F016 /* matogrosso.png */; };
		D64CB3D916B220760030F016 /* matogrossodosul.png in Resources */ = {isa = PBXBuildFile; fileRef = D64CB3C416B220760030F016 /* matogrossodosul.png */; };
		D64CB3DA16B220760030F016 /* minasgerais.png in Resources */ = {isa = PBXBuildFile; fileRef = D64CB3C516B220760030F016 /* minasgerais.png */; };
		D64CB3DB16B220760030F016 /* para.png in Resources */ = {isa = PBXBuildFile; fileRef = D64CB3C616B220760030F016 /* para.png */; };
		D64CB3DC16B220760030F016 /* paraiba.png in Resources */ = {isa = PBXBuildFile; fileRef = D64CB3C716B220760030F016 /* paraiba.png */; };
		D64CB3DD16B220760030F016 /* parana.png in Resources */ = {isa = PBXBuildFile; fileRef = D64CB3C816B220760030F016 /* parana.png */; };
		D64CB3DE16B220760030F016 /* pernambuco.png in Resources */ = {isa = PBXBuildFile; fileRef = D64CB3C916B220760030F016 /* pernambuco.png */; };
		D64CB3DF16B220760030F016 /* piaui.png in Resources */ = {isa = PBXBuildFile; fileRef = D64CB3CA16B220760030F016 /* piaui.png */; };
		D64CB3E016B220760030F016 /* riodejaneiro.png in Resources */ = {isa = PBXBuildFile; fileRef = D64CB3CB16B220760030F016 /* riodejaneiro.png */; };
		D64CB3E116B220760030F016 /* riograndedonorte.png in Resources */ = {isa = PBXBuildFile; fileRef = D64CB3CC16B220760030F016 /* riograndedonorte.png */; };
		D64CB3E216B220760030F016 /* riograndedosul.png in Resources */ = {isa = PBXBuildFile; fileRef = D64CB3CD16B220760030F016 /* riograndedosul.png */; };
		D64CB3E416B220AC0030F016 /* acre.png in Resources */ = {isa = PBXBuildFile; fileRef = D64CB3E316B220AC0030F016 /* acre.png */; };
		D64CB3EB16B220F00030F016 /* rondonia.png in Resources */ = {isa = PBXBuildFile; fileRef = D64CB3E516B220F00030F016 /* rondonia.png */; };
		D64CB3EC16B220F00030F016 /* roraima.png in Resources */ = {isa = PBXBuildFile; fileRef = D64CB3E616B220F00030F016 /* roraima.png */; };
		D64CB3ED16B220F00030F016 /* santacatarina.png in Resources */ = {isa = PBXBuildFile; fileRef = D64CB3E716B220F00030F016 /* santacatarina.png */; };
		D64CB3EE16B220F00030F016 /* saopaulo.png in Resources */ = {isa = PBXBuildFile; fileRef = D64CB3E816B220F00030F016 /* saopaulo.png */; };
		D64CB3EF16B220F00030F016 /* sergipe.png in Resources */ = {isa = PBXBuildFile; fileRef = D64CB3E916B220F00030F016 /* sergipe.png */; };
		D64CB3F016B220F00030F016 /* tocantins.png in Resources */ = {isa = PBXBuildFile; fileRef = D64CB3EA16B220F00030F016 /* tocantins.png */; };
		D64CB40416B233F20030F016 /* AGLMyTabBarController.m in Sources */ = {isa = PBXBuildFile; fileRef = D64CB40316B233F20030F016 /* AGLMyTabBarController.m */; };
		D64CB40A16B2371F0030F016 /* AGLMyNavigationController.m in Sources */ = {isa = PBXBuildFile; fileRef = D64CB40916B2371F0030F016 /* AGLMyNavigationController.m */; };
		D66E672416A3A2C50013B620 /* teste.png in Resources */ = {isa = PBXBuildFile; fileRef = D66E672316A3A2C50013B620 /* teste.png */; };
		D66E672E16A440510013B620 /* navimage.png in Resources */ = {isa = PBXBuildFile; fileRef = D66E672D16A440510013B620 /* navimage.png */; };
		D66F73AB168647F00060FECE /* AGLState.m in Sources */ = {isa = PBXBuildFile; fileRef = D66F73AA168647F00060FECE /* AGLState.m */; };
		D679AF9016A0EB10005F3151 /* AGLGeralListViewController.m in Sources */ = {isa = PBXBuildFile; fileRef = D679AF8F16A0EB10005F3151 /* AGLGeralListViewController.m */; };
		D6851F8F16B8C0640005C6A1 /* AGLEstadoViewController.m in Sources */ = {isa = PBXBuildFile; fileRef = D6851F8E16B8C0640005C6A1 /* AGLEstadoViewController.m */; };
		D6C5B3AB1684E7270071CFD3 /* UIKit.framework in Frameworks */ = {isa = PBXBuildFile; fileRef = D6C5B3AA1684E7270071CFD3 /* UIKit.framework */; };
		D6C5B3AD1684E7270071CFD3 /* Foundation.framework in Frameworks */ = {isa = PBXBuildFile; fileRef = D6C5B3AC1684E7270071CFD3 /* Foundation.framework */; };
		D6C5B3AF1684E7270071CFD3 /* CoreGraphics.framework in Frameworks */ = {isa = PBXBuildFile; fileRef = D6C5B3AE1684E7270071CFD3 /* CoreGraphics.framework */; };
		D6C5B3B51684E7270071CFD3 /* InfoPlist.strings in Resources */ = {isa = PBXBuildFile; fileRef = D6C5B3B31684E7270071CFD3 /* InfoPlist.strings */; };
		D6C5B3B71684E7270071CFD3 /* main.m in Sources */ = {isa = PBXBuildFile; fileRef = D6C5B3B61684E7270071CFD3 /* main.m */; };
		D6C5B3BB1684E7270071CFD3 /* AGLAppDelegate.m in Sources */ = {isa = PBXBuildFile; fileRef = D6C5B3BA1684E7270071CFD3 /* AGLAppDelegate.m */; };
		D6C5B3C41684E7270071CFD3 /* MainStoryboard.storyboard in Resources */ = {isa = PBXBuildFile; fileRef = D6C5B3C21684E7270071CFD3 /* MainStoryboard.storyboard */; };
		D6C5B3DA1684E7970071CFD3 /* AGLSearchViewController.m in Sources */ = {isa = PBXBuildFile; fileRef = D6C5B3D91684E7970071CFD3 /* AGLSearchViewController.m */; };
		D6C5B3DD1684E7F20071CFD3 /* AGLListViewController.m in Sources */ = {isa = PBXBuildFile; fileRef = D6C5B3DC1684E7F20071CFD3 /* AGLListViewController.m */; };
		D6C5B3E01684E8430071CFD3 /* AGLSettingsViewController.m in Sources */ = {isa = PBXBuildFile; fileRef = D6C5B3DF1684E8430071CFD3 /* AGLSettingsViewController.m */; };
		D6C5B3E31684E85E0071CFD3 /* AGLAboutViewController.m in Sources */ = {isa = PBXBuildFile; fileRef = D6C5B3E21684E85E0071CFD3 /* AGLAboutViewController.m */; };
		D6C5B3EC1684E9BF0071CFD3 /* logo.png in Resources */ = {isa = PBXBuildFile; fileRef = D6C5B3E71684E9BF0071CFD3 /* logo.png */; };
		D6E219FF16CEB4C4006F45DD /* AGLEstabelecimentosCidadeViewController.m in Sources */ = {isa = PBXBuildFile; fileRef = D6E219FE16CEB4C4006F45DD /* AGLEstabelecimentosCidadeViewController.m */; };
		D6FFFFBD16C44D0C007CF2D9 /* AGLCityDB.m in Sources */ = {isa = PBXBuildFile; fileRef = D6FFFFBC16C44D0C007CF2D9 /* AGLCityDB.m */; };
		D6FFFFC016C53385007CF2D9 /* AGLCity.m in Sources */ = {isa = PBXBuildFile; fileRef = D6FFFFBF16C53383007CF2D9 /* AGLCity.m */; };
		D6FFFFC316C56C98007CF2D9 /* AGLCitiesService.m in Sources */ = {isa = PBXBuildFile; fileRef = D6FFFFC216C56C98007CF2D9 /* AGLCitiesService.m */; };
/* End PBXBuildFile section */

/* Begin PBXFileReference section */
		8F01079B16DADD5900DC2625 /* AGLTypeNameEstablishment.h */ = {isa = PBXFileReference; fileEncoding = 4; lastKnownFileType = sourcecode.c.h; path = AGLTypeNameEstablishment.h; sourceTree = "<group>"; };
		8F01079C16DADD5900DC2625 /* AGLTypeNameEstablishment.m */ = {isa = PBXFileReference; fileEncoding = 4; lastKnownFileType = sourcecode.c.objc; path = AGLTypeNameEstablishment.m; sourceTree = "<group>"; };
		8FE26B2716F2AD3F006E335E /* AGLEstablishment.h */ = {isa = PBXFileReference; fileEncoding = 4; lastKnownFileType = sourcecode.c.h; path = AGLEstablishment.h; sourceTree = "<group>"; };
		8FE26B2816F2AD3F006E335E /* AGLEstablishment.m */ = {isa = PBXFileReference; fileEncoding = 4; lastKnownFileType = sourcecode.c.objc; path = AGLEstablishment.m; sourceTree = "<group>"; };
		8FE4696016D4686E00AD1462 /* AGLTypeEstablishmentDB.h */ = {isa = PBXFileReference; fileEncoding = 4; lastKnownFileType = sourcecode.c.h; path = AGLTypeEstablishmentDB.h; sourceTree = "<group>"; };
		8FE4696116D4686E00AD1462 /* AGLTypeEstablishmentDB.m */ = {isa = PBXFileReference; fileEncoding = 4; lastKnownFileType = sourcecode.c.objc; path = AGLTypeEstablishmentDB.m; sourceTree = "<group>"; };
		8FE4696316DA8EC600AD1462 /* AGLTypeNameEstablishmentDB.h */ = {isa = PBXFileReference; fileEncoding = 4; lastKnownFileType = sourcecode.c.h; path = AGLTypeNameEstablishmentDB.h; sourceTree = "<group>"; };
		8FE4696416DA8EC600AD1462 /* AGLTypeNameEstablishmentDB.m */ = {isa = PBXFileReference; fileEncoding = 4; lastKnownFileType = sourcecode.c.objc; path = AGLTypeNameEstablishmentDB.m; sourceTree = "<group>"; };
		8FE4696616DA935700AD1462 /* AGLTypeEstablishment.h */ = {isa = PBXFileReference; fileEncoding = 4; lastKnownFileType = sourcecode.c.h; path = AGLTypeEstablishment.h; sourceTree = "<group>"; };
		8FE4696716DA935700AD1462 /* AGLTypeEstablishment.m */ = {isa = PBXFileReference; fileEncoding = 4; lastKnownFileType = sourcecode.c.objc; path = AGLTypeEstablishment.m; sourceTree = "<group>"; };
		D605D13016BE53F100381FC9 /* AGLTransacao.h */ = {isa = PBXFileReference; lastKnownFileType = sourcecode.c.h; path = AGLTransacao.h; sourceTree = "<group>"; };
		D605D13116BE544E00381FC9 /* AGLTransacaoUtil.h */ = {isa = PBXFileReference; fileEncoding = 4; lastKnownFileType = sourcecode.c.h; path = AGLTransacaoUtil.h; sourceTree = "<group>"; };
		D605D13216BE544E00381FC9 /* AGLTransacaoUtil.m */ = {isa = PBXFileReference; fileEncoding = 4; lastKnownFileType = sourcecode.c.objc; path = AGLTransacaoUtil.m; sourceTree = "<group>"; };
		D605D13416BE562500381FC9 /* AGLStateService.h */ = {isa = PBXFileReference; fileEncoding = 4; lastKnownFileType = sourcecode.c.h; path = AGLStateService.h; sourceTree = "<group>"; };
		D605D13516BE562500381FC9 /* AGLStateService.m */ = {isa = PBXFileReference; fileEncoding = 4; lastKnownFileType = sourcecode.c.objc; path = AGLStateService.m; sourceTree = "<group>"; };
		D60E8BE716AB8784006F3414 /* EstadoCell.xib */ = {isa = PBXFileReference; fileEncoding = 4; lastKnownFileType = file.xib; path = EstadoCell.xib; sourceTree = "<group>"; };
		D60E8BEA16AB8B3F006F3414 /* EstadoCell.h */ = {isa = PBXFileReference; fileEncoding = 4; lastKnownFileType = sourcecode.c.h; path = EstadoCell.h; sourceTree = "<group>"; };
		D60E8BEB16AB8B3F006F3414 /* EstadoCell.m */ = {isa = PBXFileReference; fileEncoding = 4; lastKnownFileType = sourcecode.c.objc; path = EstadoCell.m; sourceTree = "<group>"; };
		D62A7A5F16A86D8E0087838C /* age.png */ = {isa = PBXFileReference; lastKnownFileType = image.png; path = age.png; sourceTree = "<group>"; };
		D62A7A6016A86D8E0087838C /* gear.png */ = {isa = PBXFileReference; lastKnownFileType = image.png; path = gear.png; sourceTree = "<group>"; };
		D62A7A6116A86D8E0087838C /* info.png */ = {isa = PBXFileReference; lastKnownFileType = image.png; path = info.png; sourceTree = "<group>"; };
		D62A7A6216A86D8E0087838C /* phone-book.png */ = {isa = PBXFileReference; lastKnownFileType = image.png; path = "phone-book.png"; sourceTree = "<group>"; };
		D62A7A6316A86D8E0087838C /* search.png */ = {isa = PBXFileReference; lastKnownFileType = image.png; path = search.png; sourceTree = "<group>"; };
		D62A7A6A16A86E670087838C /* Default-568h@2x.png */ = {isa = PBXFileReference; lastKnownFileType = image.png; path = "Default-568h@2x.png"; sourceTree = "<group>"; };
		D62A7A6B16A86E670087838C /* Default.png */ = {isa = PBXFileReference; lastKnownFileType = image.png; path = Default.png; sourceTree = "<group>"; };
		D62A7A6C16A86E670087838C /* Default@2x.png */ = {isa = PBXFileReference; lastKnownFileType = image.png; path = "Default@2x.png"; sourceTree = "<group>"; };
		D62A7AA416A8D77D0087838C /* icon-iPhone.png */ = {isa = PBXFileReference; lastKnownFileType = image.png; path = "icon-iPhone.png"; sourceTree = "<group>"; };
		D62A7AA516A8D77D0087838C /* icon-iPhone@2x.png */ = {isa = PBXFileReference; lastKnownFileType = image.png; path = "icon-iPhone@2x.png"; sourceTree = "<group>"; };
		D62A7C2516AA0CAD0087838C /* Utils.h */ = {isa = PBXFileReference; fileEncoding = 4; lastKnownFileType = sourcecode.c.h; path = Utils.h; sourceTree = "<group>"; };
		D62A7C2616AA0CAD0087838C /* Utils.m */ = {isa = PBXFileReference; fileEncoding = 4; lastKnownFileType = sourcecode.c.objc; path = Utils.m; sourceTree = "<group>"; };
		D63AF9E416BCF75300CAABE6 /* StateDB.h */ = {isa = PBXFileReference; fileEncoding = 4; lastKnownFileType = sourcecode.c.h; path = StateDB.h; sourceTree = "<group>"; };
		D63AF9E516BCF75300CAABE6 /* StateDB.m */ = {isa = PBXFileReference; fileEncoding = 4; lastKnownFileType = sourcecode.c.objc; path = StateDB.m; sourceTree = "<group>"; };
		D63AF9E716BCF89E00CAABE6 /* AGLSQLiteHelper.h */ = {isa = PBXFileReference; fileEncoding = 4; lastKnownFileType = sourcecode.c.h; path = AGLSQLiteHelper.h; sourceTree = "<group>"; };
		D63AF9E816BCF89E00CAABE6 /* AGLSQLiteHelper.m */ = {isa = PBXFileReference; fileEncoding = 4; lastKnownFileType = sourcecode.c.objc; path = AGLSQLiteHelper.m; sourceTree = "<group>"; };
		D64CB3BA16B220760030F016 /* alagoas.png */ = {isa = PBXFileReference; lastKnownFileType = image.png; path = alagoas.png; sourceTree = "<group>"; };
		D64CB3BB16B220760030F016 /* amapa.png */ = {isa = PBXFileReference; lastKnownFileType = image.png; path = amapa.png; sourceTree = "<group>"; };
		D64CB3BC16B220760030F016 /* amazonas.png */ = {isa = PBXFileReference; lastKnownFileType = image.png; path = amazonas.png; sourceTree = "<group>"; };
		D64CB3BD16B220760030F016 /* bahia.png */ = {isa = PBXFileReference; lastKnownFileType = image.png; path = bahia.png; sourceTree = "<group>"; };
		D64CB3BE16B220760030F016 /* ceara.png */ = {isa = PBXFileReference; lastKnownFileType = image.png; path = ceara.png; sourceTree = "<group>"; };
		D64CB3BF16B220760030F016 /* df.png */ = {isa = PBXFileReference; lastKnownFileType = image.png; path = df.png; sourceTree = "<group>"; };
		D64CB3C016B220760030F016 /* espiritosanto.png */ = {isa = PBXFileReference; lastKnownFileType = image.png; path = espiritosanto.png; sourceTree = "<group>"; };
		D64CB3C116B220760030F016 /* goias.png */ = {isa = PBXFileReference; lastKnownFileType = image.png; path = goias.png; sourceTree = "<group>"; };
		D64CB3C216B220760030F016 /* maranhao.png */ = {isa = PBXFileReference; lastKnownFileType = image.png; path = maranhao.png; sourceTree = "<group>"; };
		D64CB3C316B220760030F016 /* matogrosso.png */ = {isa = PBXFileReference; lastKnownFileType = image.png; path = matogrosso.png; sourceTree = "<group>"; };
		D64CB3C416B220760030F016 /* matogrossodosul.png */ = {isa = PBXFileReference; lastKnownFileType = image.png; path = matogrossodosul.png; sourceTree = "<group>"; };
		D64CB3C516B220760030F016 /* minasgerais.png */ = {isa = PBXFileReference; lastKnownFileType = image.png; path = minasgerais.png; sourceTree = "<group>"; };
		D64CB3C616B220760030F016 /* para.png */ = {isa = PBXFileReference; lastKnownFileType = image.png; path = para.png; sourceTree = "<group>"; };
		D64CB3C716B220760030F016 /* paraiba.png */ = {isa = PBXFileReference; lastKnownFileType = image.png; path = paraiba.png; sourceTree = "<group>"; };
		D64CB3C816B220760030F016 /* parana.png */ = {isa = PBXFileReference; lastKnownFileType = image.png; path = parana.png; sourceTree = "<group>"; };
		D64CB3C916B220760030F016 /* pernambuco.png */ = {isa = PBXFileReference; lastKnownFileType = image.png; path = pernambuco.png; sourceTree = "<group>"; };
		D64CB3CA16B220760030F016 /* piaui.png */ = {isa = PBXFileReference; lastKnownFileType = image.png; path = piaui.png; sourceTree = "<group>"; };
		D64CB3CB16B220760030F016 /* riodejaneiro.png */ = {isa = PBXFileReference; lastKnownFileType = image.png; path = riodejaneiro.png; sourceTree = "<group>"; };
		D64CB3CC16B220760030F016 /* riograndedonorte.png */ = {isa = PBXFileReference; lastKnownFileType = image.png; path = riograndedonorte.png; sourceTree = "<group>"; };
		D64CB3CD16B220760030F016 /* riograndedosul.png */ = {isa = PBXFileReference; lastKnownFileType = image.png; path = riograndedosul.png; sourceTree = "<group>"; };
		D64CB3E316B220AC0030F016 /* acre.png */ = {isa = PBXFileReference; lastKnownFileType = image.png; path = acre.png; sourceTree = "<group>"; };
		D64CB3E516B220F00030F016 /* rondonia.png */ = {isa = PBXFileReference; lastKnownFileType = image.png; path = rondonia.png; sourceTree = "<group>"; };
		D64CB3E616B220F00030F016 /* roraima.png */ = {isa = PBXFileReference; lastKnownFileType = image.png; path = roraima.png; sourceTree = "<group>"; };
		D64CB3E716B220F00030F016 /* santacatarina.png */ = {isa = PBXFileReference; lastKnownFileType = image.png; path = santacatarina.png; sourceTree = "<group>"; };
		D64CB3E816B220F00030F016 /* saopaulo.png */ = {isa = PBXFileReference; lastKnownFileType = image.png; path = saopaulo.png; sourceTree = "<group>"; };
		D64CB3E916B220F00030F016 /* sergipe.png */ = {isa = PBXFileReference; lastKnownFileType = image.png; path = sergipe.png; sourceTree = "<group>"; };
		D64CB3EA16B220F00030F016 /* tocantins.png */ = {isa = PBXFileReference; lastKnownFileType = image.png; path = tocantins.png; sourceTree = "<group>"; };
		D64CB40216B233F20030F016 /* AGLMyTabBarController.h */ = {isa = PBXFileReference; fileEncoding = 4; lastKnownFileType = sourcecode.c.h; path = AGLMyTabBarController.h; sourceTree = "<group>"; };
		D64CB40316B233F20030F016 /* AGLMyTabBarController.m */ = {isa = PBXFileReference; fileEncoding = 4; lastKnownFileType = sourcecode.c.objc; path = AGLMyTabBarController.m; sourceTree = "<group>"; };
		D64CB40816B2371F0030F016 /* AGLMyNavigationController.h */ = {isa = PBXFileReference; fileEncoding = 4; lastKnownFileType = sourcecode.c.h; path = AGLMyNavigationController.h; sourceTree = "<group>"; };
		D64CB40916B2371F0030F016 /* AGLMyNavigationController.m */ = {isa = PBXFileReference; fileEncoding = 4; lastKnownFileType = sourcecode.c.objc; path = AGLMyNavigationController.m; sourceTree = "<group>"; };
		D66E672316A3A2C50013B620 /* teste.png */ = {isa = PBXFileReference; lastKnownFileType = image.png; path = teste.png; sourceTree = "<group>"; };
		D66E672D16A440510013B620 /* navimage.png */ = {isa = PBXFileReference; lastKnownFileType = image.png; path = navimage.png; sourceTree = "<group>"; };
		D66F73A9168647F00060FECE /* AGLState.h */ = {isa = PBXFileReference; fileEncoding = 4; lastKnownFileType = sourcecode.c.h; path = AGLState.h; sourceTree = "<group>"; };
		D66F73AA168647F00060FECE /* AGLState.m */ = {isa = PBXFileReference; fileEncoding = 4; lastKnownFileType = sourcecode.c.objc; path = AGLState.m; sourceTree = "<group>"; };
		D679AF8E16A0EB10005F3151 /* AGLGeralListViewController.h */ = {isa = PBXFileReference; fileEncoding = 4; lastKnownFileType = sourcecode.c.h; path = AGLGeralListViewController.h; sourceTree = "<group>"; };
		D679AF8F16A0EB10005F3151 /* AGLGeralListViewController.m */ = {isa = PBXFileReference; fileEncoding = 4; lastKnownFileType = sourcecode.c.objc; path = AGLGeralListViewController.m; sourceTree = "<group>"; };
		D6851F8D16B8C0640005C6A1 /* AGLEstadoViewController.h */ = {isa = PBXFileReference; fileEncoding = 4; lastKnownFileType = sourcecode.c.h; path = AGLEstadoViewController.h; sourceTree = "<group>"; };
		D6851F8E16B8C0640005C6A1 /* AGLEstadoViewController.m */ = {isa = PBXFileReference; fileEncoding = 4; lastKnownFileType = sourcecode.c.objc; path = AGLEstadoViewController.m; sourceTree = "<group>"; };
		D6C5B3A61684E7270071CFD3 /* Agecel.app */ = {isa = PBXFileReference; explicitFileType = wrapper.application; includeInIndex = 0; path = Agecel.app; sourceTree = BUILT_PRODUCTS_DIR; };
		D6C5B3AA1684E7270071CFD3 /* UIKit.framework */ = {isa = PBXFileReference; lastKnownFileType = wrapper.framework; name = UIKit.framework; path = System/Library/Frameworks/UIKit.framework; sourceTree = SDKROOT; };
		D6C5B3AC1684E7270071CFD3 /* Foundation.framework */ = {isa = PBXFileReference; lastKnownFileType = wrapper.framework; name = Foundation.framework; path = System/Library/Frameworks/Foundation.framework; sourceTree = SDKROOT; };
		D6C5B3AE1684E7270071CFD3 /* CoreGraphics.framework */ = {isa = PBXFileReference; lastKnownFileType = wrapper.framework; name = CoreGraphics.framework; path = System/Library/Frameworks/CoreGraphics.framework; sourceTree = SDKROOT; };
		D6C5B3B21684E7270071CFD3 /* Agecel-Info.plist */ = {isa = PBXFileReference; lastKnownFileType = text.plist.xml; path = "Agecel-Info.plist"; sourceTree = "<group>"; };
		D6C5B3B41684E7270071CFD3 /* en */ = {isa = PBXFileReference; lastKnownFileType = text.plist.strings; name = en; path = en.lproj/InfoPlist.strings; sourceTree = "<group>"; };
		D6C5B3B61684E7270071CFD3 /* main.m */ = {isa = PBXFileReference; lastKnownFileType = sourcecode.c.objc; path = main.m; sourceTree = "<group>"; };
		D6C5B3B81684E7270071CFD3 /* Agecel-Prefix.pch */ = {isa = PBXFileReference; lastKnownFileType = sourcecode.c.h; path = "Agecel-Prefix.pch"; sourceTree = "<group>"; };
		D6C5B3B91684E7270071CFD3 /* AGLAppDelegate.h */ = {isa = PBXFileReference; lastKnownFileType = sourcecode.c.h; path = AGLAppDelegate.h; sourceTree = "<group>"; };
		D6C5B3BA1684E7270071CFD3 /* AGLAppDelegate.m */ = {isa = PBXFileReference; lastKnownFileType = sourcecode.c.objc; path = AGLAppDelegate.m; sourceTree = "<group>"; };
		D6C5B3C31684E7270071CFD3 /* en */ = {isa = PBXFileReference; lastKnownFileType = file.storyboard; name = en; path = en.lproj/MainStoryboard.storyboard; sourceTree = "<group>"; };
		D6C5B3D81684E7970071CFD3 /* AGLSearchViewController.h */ = {isa = PBXFileReference; fileEncoding = 4; lastKnownFileType = sourcecode.c.h; path = AGLSearchViewController.h; sourceTree = "<group>"; };
		D6C5B3D91684E7970071CFD3 /* AGLSearchViewController.m */ = {isa = PBXFileReference; fileEncoding = 4; lastKnownFileType = sourcecode.c.objc; path = AGLSearchViewController.m; sourceTree = "<group>"; };
		D6C5B3DB1684E7F20071CFD3 /* AGLListViewController.h */ = {isa = PBXFileReference; fileEncoding = 4; lastKnownFileType = sourcecode.c.h; path = AGLListViewController.h; sourceTree = "<group>"; };
		D6C5B3DC1684E7F20071CFD3 /* AGLListViewController.m */ = {isa = PBXFileReference; fileEncoding = 4; lastKnownFileType = sourcecode.c.objc; path = AGLListViewController.m; sourceTree = "<group>"; };
		D6C5B3DE1684E8430071CFD3 /* AGLSettingsViewController.h */ = {isa = PBXFileReference; fileEncoding = 4; lastKnownFileType = sourcecode.c.h; path = AGLSettingsViewController.h; sourceTree = "<group>"; };
		D6C5B3DF1684E8430071CFD3 /* AGLSettingsViewController.m */ = {isa = PBXFileReference; fileEncoding = 4; lastKnownFileType = sourcecode.c.objc; path = AGLSettingsViewController.m; sourceTree = "<group>"; };
		D6C5B3E11684E85E0071CFD3 /* AGLAboutViewController.h */ = {isa = PBXFileReference; fileEncoding = 4; lastKnownFileType = sourcecode.c.h; path = AGLAboutViewController.h; sourceTree = "<group>"; };
		D6C5B3E21684E85E0071CFD3 /* AGLAboutViewController.m */ = {isa = PBXFileReference; fileEncoding = 4; lastKnownFileType = sourcecode.c.objc; path = AGLAboutViewController.m; sourceTree = "<group>"; };
		D6C5B3E71684E9BF0071CFD3 /* logo.png */ = {isa = PBXFileReference; lastKnownFileType = image.png; path = logo.png; sourceTree = "<group>"; };
		D6C5B3F3168512C00071CFD3 /* libsqlite3.dylib */ = {isa = PBXFileReference; lastKnownFileType = "compiled.mach-o.dylib"; name = libsqlite3.dylib; path = usr/lib/libsqlite3.dylib; sourceTree = SDKROOT; };
		D6E219FD16CEB4C4006F45DD /* AGLEstabelecimentosCidadeViewController.h */ = {isa = PBXFileReference; fileEncoding = 4; lastKnownFileType = sourcecode.c.h; path = AGLEstabelecimentosCidadeViewController.h; sourceTree = "<group>"; };
		D6E219FE16CEB4C4006F45DD /* AGLEstabelecimentosCidadeViewController.m */ = {isa = PBXFileReference; fileEncoding = 4; lastKnownFileType = sourcecode.c.objc; path = AGLEstabelecimentosCidadeViewController.m; sourceTree = "<group>"; };
		D6FFFFBB16C44D0B007CF2D9 /* AGLCityDB.h */ = {isa = PBXFileReference; fileEncoding = 4; lastKnownFileType = sourcecode.c.h; path = AGLCityDB.h; sourceTree = "<group>"; };
		D6FFFFBC16C44D0C007CF2D9 /* AGLCityDB.m */ = {isa = PBXFileReference; fileEncoding = 4; lastKnownFileType = sourcecode.c.objc; path = AGLCityDB.m; sourceTree = "<group>"; };
		D6FFFFBE16C53383007CF2D9 /* AGLCity.h */ = {isa = PBXFileReference; fileEncoding = 4; lastKnownFileType = sourcecode.c.h; path = AGLCity.h; sourceTree = "<group>"; };
		D6FFFFBF16C53383007CF2D9 /* AGLCity.m */ = {isa = PBXFileReference; fileEncoding = 4; lastKnownFileType = sourcecode.c.objc; path = AGLCity.m; sourceTree = "<group>"; };
		D6FFFFC116C56C98007CF2D9 /* AGLCitiesService.h */ = {isa = PBXFileReference; fileEncoding = 4; lastKnownFileType = sourcecode.c.h; path = AGLCitiesService.h; sourceTree = "<group>"; };
		D6FFFFC216C56C98007CF2D9 /* AGLCitiesService.m */ = {isa = PBXFileReference; fileEncoding = 4; lastKnownFileType = sourcecode.c.objc; path = AGLCitiesService.m; sourceTree = "<group>"; };
/* End PBXFileReference section */

/* Begin PBXFrameworksBuildPhase section */
		D6C5B3A31684E7270071CFD3 /* Frameworks */ = {
			isa = PBXFrameworksBuildPhase;
			buildActionMask = 2147483647;
			files = (
				D63AF9E216BCF6B200CAABE6 /* libsqlite3.dylib in Frameworks */,
				D6C5B3AB1684E7270071CFD3 /* UIKit.framework in Frameworks */,
				D6C5B3AD1684E7270071CFD3 /* Foundation.framework in Frameworks */,
				D6C5B3AF1684E7270071CFD3 /* CoreGraphics.framework in Frameworks */,
			);
			runOnlyForDeploymentPostprocessing = 0;
		};
/* End PBXFrameworksBuildPhase section */

/* Begin PBXGroup section */
		D62A7A5E16A86D8E0087838C /* Icon-Tabs */ = {
			isa = PBXGroup;
			children = (
				D62A7A5F16A86D8E0087838C /* age.png */,
				D62A7A6016A86D8E0087838C /* gear.png */,
				D62A7A6116A86D8E0087838C /* info.png */,
				D62A7A6216A86D8E0087838C /* phone-book.png */,
				D62A7A6316A86D8E0087838C /* search.png */,
			);
			path = "Icon-Tabs";
			sourceTree = "<group>";
		};
		D62A7A6916A86E670087838C /* Splash */ = {
			isa = PBXGroup;
			children = (
				D62A7A6A16A86E670087838C /* Default-568h@2x.png */,
				D62A7A6B16A86E670087838C /* Default.png */,
				D62A7A6C16A86E670087838C /* Default@2x.png */,
			);
			path = Splash;
			sourceTree = "<group>";
		};
		D62A7A9916A8D5DF0087838C /* Icon-Application */ = {
			isa = PBXGroup;
			children = (
			);
			name = "Icon-Application";
			sourceTree = "<group>";
		};
		D62A7C1D16AA0B7D0087838C /* Classes */ = {
			isa = PBXGroup;
			children = (
				D63AF9E316BCF73000CAABE6 /* Database */,
				D64CB40116B233A60030F016 /* Navigation  */,
				D62A7C2416AA0C8E0087838C /* Utils */,
				D62A7C2316AA0C0E0087838C /* Settings */,
				D62A7C2216AA0C060087838C /* About */,
				D62A7C2116AA0BFA0087838C /* List */,
				D62A7C2016AA0BF20087838C /* Search */,
			);
			name = Classes;
			sourceTree = "<group>";
		};
		D62A7C1F16AA0B9E0087838C /* drawable */ = {
			isa = PBXGroup;
			children = (
				D62A7A9916A8D5DF0087838C /* Icon-Application */,
				D62A7AA416A8D77D0087838C /* icon-iPhone.png */,
				D62A7AA516A8D77D0087838C /* icon-iPhone@2x.png */,
				D62A7A6916A86E670087838C /* Splash */,
				D62A7A5E16A86D8E0087838C /* Icon-Tabs */,
				D679AF5716A0E976005F3151 /* Bandeiras */,
				D6C5B3E71684E9BF0071CFD3 /* logo.png */,
			);
			name = drawable;
			sourceTree = "<group>";
		};
		D62A7C2016AA0BF20087838C /* Search */ = {
			isa = PBXGroup;
			children = (
				D6C5B3D81684E7970071CFD3 /* AGLSearchViewController.h */,
				D6C5B3D91684E7970071CFD3 /* AGLSearchViewController.m */,
			);
			name = Search;
			sourceTree = "<group>";
		};
		D62A7C2116AA0BFA0087838C /* List */ = {
			isa = PBXGroup;
			children = (
				D679AF8E16A0EB10005F3151 /* AGLGeralListViewController.h */,
				D679AF8F16A0EB10005F3151 /* AGLGeralListViewController.m */,
				D6C5B3DB1684E7F20071CFD3 /* AGLListViewController.h */,
				D6C5B3DC1684E7F20071CFD3 /* AGLListViewController.m */,
				D60E8BE716AB8784006F3414 /* EstadoCell.xib */,
				D60E8BEA16AB8B3F006F3414 /* EstadoCell.h */,
				D60E8BEB16AB8B3F006F3414 /* EstadoCell.m */,
				D6851F8D16B8C0640005C6A1 /* AGLEstadoViewController.h */,
				D6851F8E16B8C0640005C6A1 /* AGLEstadoViewController.m */,
				D605D13416BE562500381FC9 /* AGLStateService.h */,
				D605D13516BE562500381FC9 /* AGLStateService.m */,
				D6FFFFC116C56C98007CF2D9 /* AGLCitiesService.h */,
				D6FFFFC216C56C98007CF2D9 /* AGLCitiesService.m */,
				D6E219FD16CEB4C4006F45DD /* AGLEstabelecimentosCidadeViewController.h */,
				D6E219FE16CEB4C4006F45DD /* AGLEstabelecimentosCidadeViewController.m */,
			);
			name = List;
			sourceTree = "<group>";
		};
		D62A7C2216AA0C060087838C /* About */ = {
			isa = PBXGroup;
			children = (
				D6C5B3E11684E85E0071CFD3 /* AGLAboutViewController.h */,
				D6C5B3E21684E85E0071CFD3 /* AGLAboutViewController.m */,
			);
			name = About;
			sourceTree = "<group>";
		};
		D62A7C2316AA0C0E0087838C /* Settings */ = {
			isa = PBXGroup;
			children = (
				D6C5B3DE1684E8430071CFD3 /* AGLSettingsViewController.h */,
				D6C5B3DF1684E8430071CFD3 /* AGLSettingsViewController.m */,
			);
			name = Settings;
			sourceTree = "<group>";
		};
		D62A7C2416AA0C8E0087838C /* Utils */ = {
			isa = PBXGroup;
			children = (
				D62A7C2516AA0CAD0087838C /* Utils.h */,
				D62A7C2616AA0CAD0087838C /* Utils.m */,
				D605D13016BE53F100381FC9 /* AGLTransacao.h */,
				D605D13116BE544E00381FC9 /* AGLTransacaoUtil.h */,
				D605D13216BE544E00381FC9 /* AGLTransacaoUtil.m */,
			);
			name = Utils;
			sourceTree = "<group>";
		};
		D63AF9E316BCF73000CAABE6 /* Database */ = {
			isa = PBXGroup;
			children = (
				D63AF9E416BCF75300CAABE6 /* StateDB.h */,
				D63AF9E516BCF75300CAABE6 /* StateDB.m */,
				D66F73A9168647F00060FECE /* AGLState.h */,
				D66F73AA168647F00060FECE /* AGLState.m */,
				D63AF9E716BCF89E00CAABE6 /* AGLSQLiteHelper.h */,
				D63AF9E816BCF89E00CAABE6 /* AGLSQLiteHelper.m */,
				D6FFFFBB16C44D0B007CF2D9 /* AGLCityDB.h */,
				D6FFFFBC16C44D0C007CF2D9 /* AGLCityDB.m */,
				D6FFFFBE16C53383007CF2D9 /* AGLCity.h */,
				D6FFFFBF16C53383007CF2D9 /* AGLCity.m */,
				8FE26B2716F2AD3F006E335E /* AGLEstablishment.h */,
				8FE26B2816F2AD3F006E335E /* AGLEstablishment.m */,
				8FE4696016D4686E00AD1462 /* AGLTypeEstablishmentDB.h */,
				8FE4696116D4686E00AD1462 /* AGLTypeEstablishmentDB.m */,
				8FE4696316DA8EC600AD1462 /* AGLTypeNameEstablishmentDB.h */,
				8FE4696416DA8EC600AD1462 /* AGLTypeNameEstablishmentDB.m */,
				8FE4696616DA935700AD1462 /* AGLTypeEstablishment.h */,
				8FE4696716DA935700AD1462 /* AGLTypeEstablishment.m */,
				8F01079B16DADD5900DC2625 /* AGLTypeNameEstablishment.h */,
				8F01079C16DADD5900DC2625 /* AGLTypeNameEstablishment.m */,
			);
			name = Database;
			sourceTree = "<group>";
		};
		D64CB40116B233A60030F016 /* Navigation  */ = {
			isa = PBXGroup;
			children = (
				D64CB40216B233F20030F016 /* AGLMyTabBarController.h */,
				D64CB40316B233F20030F016 /* AGLMyTabBarController.m */,
				D64CB40816B2371F0030F016 /* AGLMyNavigationController.h */,
				D64CB40916B2371F0030F016 /* AGLMyNavigationController.m */,
			);
			name = "Navigation ";
			sourceTree = "<group>";
		};
		D679AF5716A0E976005F3151 /* Bandeiras */ = {
			isa = PBXGroup;
			children = (
				D64CB3E516B220F00030F016 /* rondonia.png */,
				D64CB3E616B220F00030F016 /* roraima.png */,
				D64CB3E716B220F00030F016 /* santacatarina.png */,
				D64CB3E816B220F00030F016 /* saopaulo.png */,
				D64CB3E916B220F00030F016 /* sergipe.png */,
				D64CB3EA16B220F00030F016 /* tocantins.png */,
				D64CB3E316B220AC0030F016 /* acre.png */,
				D64CB3BA16B220760030F016 /* alagoas.png */,
				D64CB3BB16B220760030F016 /* amapa.png */,
				D64CB3BC16B220760030F016 /* amazonas.png */,
				D64CB3BD16B220760030F016 /* bahia.png */,
				D64CB3BE16B220760030F016 /* ceara.png */,
				D64CB3BF16B220760030F016 /* df.png */,
				D64CB3C016B220760030F016 /* espiritosanto.png */,
				D64CB3C116B220760030F016 /* goias.png */,
				D64CB3C216B220760030F016 /* maranhao.png */,
				D64CB3C316B220760030F016 /* matogrosso.png */,
				D64CB3C416B220760030F016 /* matogrossodosul.png */,
				D64CB3C516B220760030F016 /* minasgerais.png */,
				D64CB3C616B220760030F016 /* para.png */,
				D64CB3C716B220760030F016 /* paraiba.png */,
				D64CB3C816B220760030F016 /* parana.png */,
				D64CB3C916B220760030F016 /* pernambuco.png */,
				D64CB3CA16B220760030F016 /* piaui.png */,
				D64CB3CB16B220760030F016 /* riodejaneiro.png */,
				D64CB3CC16B220760030F016 /* riograndedonorte.png */,
				D64CB3CD16B220760030F016 /* riograndedosul.png */,
			);
			path = Bandeiras;
			sourceTree = "<group>";
		};
		D6C5B39B1684E7270071CFD3 = {
			isa = PBXGroup;
			children = (
				D6C5B3B01684E7270071CFD3 /* Agecel */,
				D6C5B3A91684E7270071CFD3 /* Frameworks */,
				D6C5B3A71684E7270071CFD3 /* Products */,
			);
			sourceTree = "<group>";
		};
		D6C5B3A71684E7270071CFD3 /* Products */ = {
			isa = PBXGroup;
			children = (
				D6C5B3A61684E7270071CFD3 /* Agecel.app */,
			);
			name = Products;
			sourceTree = "<group>";
		};
		D6C5B3A91684E7270071CFD3 /* Frameworks */ = {
			isa = PBXGroup;
			children = (
				D6C5B3F3168512C00071CFD3 /* libsqlite3.dylib */,
				D6C5B3AA1684E7270071CFD3 /* UIKit.framework */,
				D6C5B3AC1684E7270071CFD3 /* Foundation.framework */,
				D6C5B3AE1684E7270071CFD3 /* CoreGraphics.framework */,
			);
			name = Frameworks;
			sourceTree = "<group>";
		};
		D6C5B3B01684E7270071CFD3 /* Agecel */ = {
			isa = PBXGroup;
			children = (
				D6C5B3B91684E7270071CFD3 /* AGLAppDelegate.h */,
				D6C5B3BA1684E7270071CFD3 /* AGLAppDelegate.m */,
				D6C5B3E41684E9BF0071CFD3 /* res */,
				D62A7C1D16AA0B7D0087838C /* Classes */,
				D6C5B3C21684E7270071CFD3 /* MainStoryboard.storyboard */,
				D6C5B3B11684E7270071CFD3 /* Supporting Files */,
			);
			path = Agecel;
			sourceTree = "<group>";
		};
		D6C5B3B11684E7270071CFD3 /* Supporting Files */ = {
			isa = PBXGroup;
			children = (
				D66E672D16A440510013B620 /* navimage.png */,
				D66E672316A3A2C50013B620 /* teste.png */,
				D6C5B3B21684E7270071CFD3 /* Agecel-Info.plist */,
				D6C5B3B31684E7270071CFD3 /* InfoPlist.strings */,
				D6C5B3B61684E7270071CFD3 /* main.m */,
				D6C5B3B81684E7270071CFD3 /* Agecel-Prefix.pch */,
			);
			name = "Supporting Files";
			sourceTree = "<group>";
		};
		D6C5B3E41684E9BF0071CFD3 /* res */ = {
			isa = PBXGroup;
			children = (
				D62A7C1F16AA0B9E0087838C /* drawable */,
			);
			path = res;
			sourceTree = "<group>";
		};
/* End PBXGroup section */

/* Begin PBXNativeTarget section */
		D6C5B3A51684E7270071CFD3 /* Agecel */ = {
			isa = PBXNativeTarget;
			buildConfigurationList = D6C5B3D51684E7270071CFD3 /* Build configuration list for PBXNativeTarget "Agecel" */;
			buildPhases = (
				D6C5B3A21684E7270071CFD3 /* Sources */,
				D6C5B3A31684E7270071CFD3 /* Frameworks */,
				D6C5B3A41684E7270071CFD3 /* Resources */,
			);
			buildRules = (
			);
			dependencies = (
			);
			name = Agecel;
			productName = Agecel;
			productReference = D6C5B3A61684E7270071CFD3 /* Agecel.app */;
			productType = "com.apple.product-type.application";
		};
/* End PBXNativeTarget section */

/* Begin PBXProject section */
		D6C5B39D1684E7270071CFD3 /* Project object */ = {
			isa = PBXProject;
			attributes = {
				CLASSPREFIX = AGL;
				LastUpgradeCheck = 0450;
				ORGANIZATIONNAME = "Andre Furquim";
			};
			buildConfigurationList = D6C5B3A01684E7270071CFD3 /* Build configuration list for PBXProject "Agecel" */;
			compatibilityVersion = "Xcode 3.2";
			developmentRegion = English;
			hasScannedForEncodings = 0;
			knownRegions = (
				en,
			);
			mainGroup = D6C5B39B1684E7270071CFD3;
			productRefGroup = D6C5B3A71684E7270071CFD3 /* Products */;
			projectDirPath = "";
			projectRoot = "";
			targets = (
				D6C5B3A51684E7270071CFD3 /* Agecel */,
			);
		};
/* End PBXProject section */

/* Begin PBXResourcesBuildPhase section */
		D6C5B3A41684E7270071CFD3 /* Resources */ = {
			isa = PBXResourcesBuildPhase;
			buildActionMask = 2147483647;
			files = (
				D6C5B3B51684E7270071CFD3 /* InfoPlist.strings in Resources */,
				D6C5B3C41684E7270071CFD3 /* MainStoryboard.storyboard in Resources */,
				D6C5B3EC1684E9BF0071CFD3 /* logo.png in Resources */,
				D66E672416A3A2C50013B620 /* teste.png in Resources */,
				D66E672E16A440510013B620 /* navimage.png in Resources */,
				D62A7A6416A86D8E0087838C /* age.png in Resources */,
				D62A7A6516A86D8E0087838C /* gear.png in Resources */,
				D62A7A6616A86D8E0087838C /* info.png in Resources */,
				D62A7A6716A86D8E0087838C /* phone-book.png in Resources */,
				D62A7A6816A86D8E0087838C /* search.png in Resources */,
				D62A7A6D16A86E670087838C /* Default-568h@2x.png in Resources */,
				D62A7A6E16A86E670087838C /* Default.png in Resources */,
				D62A7A6F16A86E670087838C /* Default@2x.png in Resources */,
				D62A7AA616A8D77D0087838C /* icon-iPhone.png in Resources */,
				D62A7AA716A8D77D0087838C /* icon-iPhone@2x.png in Resources */,
				D60E8BE816AB8784006F3414 /* EstadoCell.xib in Resources */,
				D64CB3CF16B220760030F016 /* alagoas.png in Resources */,
				D64CB3D016B220760030F016 /* amapa.png in Resources */,
				D64CB3D116B220760030F016 /* amazonas.png in Resources */,
				D64CB3D216B220760030F016 /* bahia.png in Resources */,
				D64CB3D316B220760030F016 /* ceara.png in Resources */,
				D64CB3D416B220760030F016 /* df.png in Resources */,
				D64CB3D516B220760030F016 /* espiritosanto.png in Resources */,
				D64CB3D616B220760030F016 /* goias.png in Resources */,
				D64CB3D716B220760030F016 /* maranhao.png in Resources */,
				D64CB3D816B220760030F016 /* matogrosso.png in Resources */,
				D64CB3D916B220760030F016 /* matogrossodosul.png in Resources */,
				D64CB3DA16B220760030F016 /* minasgerais.png in Resources */,
				D64CB3DB16B220760030F016 /* para.png in Resources */,
				D64CB3DC16B220760030F016 /* paraiba.png in Resources */,
				D64CB3DD16B220760030F016 /* parana.png in Resources */,
				D64CB3DE16B220760030F016 /* pernambuco.png in Resources */,
				D64CB3DF16B220760030F016 /* piaui.png in Resources */,
				D64CB3E016B220760030F016 /* riodejaneiro.png in Resources */,
				D64CB3E116B220760030F016 /* riograndedonorte.png in Resources */,
				D64CB3E216B220760030F016 /* riograndedosul.png in Resources */,
				D64CB3E416B220AC0030F016 /* acre.png in Resources */,
				D64CB3EB16B220F00030F016 /* rondonia.png in Resources */,
				D64CB3EC16B220F00030F016 /* roraima.png in Resources */,
				D64CB3ED16B220F00030F016 /* santacatarina.png in Resources */,
				D64CB3EE16B220F00030F016 /* saopaulo.png in Resources */,
				D64CB3EF16B220F00030F016 /* sergipe.png in Resources */,
				D64CB3F016B220F00030F016 /* tocantins.png in Resources */,
			);
			runOnlyForDeploymentPostprocessing = 0;
		};
/* End PBXResourcesBuildPhase section */

/* Begin PBXSourcesBuildPhase section */
		D6C5B3A21684E7270071CFD3 /* Sources */ = {
			isa = PBXSourcesBuildPhase;
			buildActionMask = 2147483647;
			files = (
				D6C5B3B71684E7270071CFD3 /* main.m in Sources */,
				D6C5B3BB1684E7270071CFD3 /* AGLAppDelegate.m in Sources */,
				D6C5B3DA1684E7970071CFD3 /* AGLSearchViewController.m in Sources */,
				D6C5B3DD1684E7F20071CFD3 /* AGLListViewController.m in Sources */,
				D6C5B3E01684E8430071CFD3 /* AGLSettingsViewController.m in Sources */,
				D6C5B3E31684E85E0071CFD3 /* AGLAboutViewController.m in Sources */,
				D66F73AB168647F00060FECE /* AGLState.m in Sources */,
				D679AF9016A0EB10005F3151 /* AGLGeralListViewController.m in Sources */,
				D62A7C2716AA0CAD0087838C /* Utils.m in Sources */,
				D60E8BEC16AB8B3F006F3414 /* EstadoCell.m in Sources */,
				D64CB40416B233F20030F016 /* AGLMyTabBarController.m in Sources */,
				D64CB40A16B2371F0030F016 /* AGLMyNavigationController.m in Sources */,
				D6851F8F16B8C0640005C6A1 /* AGLEstadoViewController.m in Sources */,
				D63AF9E616BCF75300CAABE6 /* StateDB.m in Sources */,
				D63AF9E916BCF89E00CAABE6 /* AGLSQLiteHelper.m in Sources */,
				D605D13316BE544E00381FC9 /* AGLTransacaoUtil.m in Sources */,
				D605D13616BE562500381FC9 /* AGLStateService.m in Sources */,
				D6FFFFBD16C44D0C007CF2D9 /* AGLCityDB.m in Sources */,
				D6FFFFC016C53385007CF2D9 /* AGLCity.m in Sources */,
				D6FFFFC316C56C98007CF2D9 /* AGLCitiesService.m in Sources */,
				D6E219FF16CEB4C4006F45DD /* AGLEstabelecimentosCidadeViewController.m in Sources */,
				8FE4696216D4686E00AD1462 /* AGLTypeEstablishmentDB.m in Sources */,
				8FE4696516DA8EC600AD1462 /* AGLTypeNameEstablishmentDB.m in Sources */,
				8FE4696816DA935700AD1462 /* AGLTypeEstablishment.m in Sources */,
				8F01079D16DADD5B00DC2625 /* AGLTypeNameEstablishment.m in Sources */,
				8FE26B2916F2AD3F006E335E /* AGLEstablishment.m in Sources */,
			);
			runOnlyForDeploymentPostprocessing = 0;
		};
/* End PBXSourcesBuildPhase section */

/* Begin PBXVariantGroup section */
		D6C5B3B31684E7270071CFD3 /* InfoPlist.strings */ = {
			isa = PBXVariantGroup;
			children = (
				D6C5B3B41684E7270071CFD3 /* en */,
			);
			name = InfoPlist.strings;
			sourceTree = "<group>";
		};
		D6C5B3C21684E7270071CFD3 /* MainStoryboard.storyboard */ = {
			isa = PBXVariantGroup;
			children = (
				D6C5B3C31684E7270071CFD3 /* en */,
			);
			name = MainStoryboard.storyboard;
			sourceTree = "<group>";
		};
/* End PBXVariantGroup section */

/* Begin XCBuildConfiguration section */
		D6C5B3D31684E7270071CFD3 /* Debug */ = {
			isa = XCBuildConfiguration;
			buildSettings = {
				ALWAYS_SEARCH_USER_PATHS = NO;
				CLANG_CXX_LANGUAGE_STANDARD = "gnu++0x";
				CLANG_CXX_LIBRARY = "libc++";
				CLANG_ENABLE_OBJC_ARC = YES;
				CLANG_WARN_EMPTY_BODY = YES;
				CLANG_WARN__DUPLICATE_METHOD_MATCH = YES;
				"CODE_SIGN_IDENTITY[sdk=iphoneos*]" = "iPhone Developer";
				COPY_PHASE_STRIP = NO;
				GCC_C_LANGUAGE_STANDARD = gnu99;
				GCC_DYNAMIC_NO_PIC = NO;
				GCC_OPTIMIZATION_LEVEL = 0;
				GCC_PREPROCESSOR_DEFINITIONS = (
					"DEBUG=1",
					"$(inherited)",
				);
				GCC_SYMBOLS_PRIVATE_EXTERN = NO;
				GCC_WARN_ABOUT_RETURN_TYPE = YES;
				GCC_WARN_UNINITIALIZED_AUTOS = YES;
				GCC_WARN_UNUSED_VARIABLE = YES;
				IPHONEOS_DEPLOYMENT_TARGET = 6.0;
				ONLY_ACTIVE_ARCH = YES;
				SDKROOT = iphoneos;
			};
			name = Debug;
		};
		D6C5B3D41684E7270071CFD3 /* Release */ = {
			isa = XCBuildConfiguration;
			buildSettings = {
				ALWAYS_SEARCH_USER_PATHS = NO;
				CLANG_CXX_LANGUAGE_STANDARD = "gnu++0x";
				CLANG_CXX_LIBRARY = "libc++";
				CLANG_ENABLE_OBJC_ARC = YES;
				CLANG_WARN_EMPTY_BODY = YES;
				CLANG_WARN__DUPLICATE_METHOD_MATCH = YES;
				"CODE_SIGN_IDENTITY[sdk=iphoneos*]" = "iPhone Developer";
				COPY_PHASE_STRIP = YES;
				GCC_C_LANGUAGE_STANDARD = gnu99;
				GCC_WARN_ABOUT_RETURN_TYPE = YES;
				GCC_WARN_UNINITIALIZED_AUTOS = YES;
				GCC_WARN_UNUSED_VARIABLE = YES;
				IPHONEOS_DEPLOYMENT_TARGET = 6.0;
				OTHER_CFLAGS = "-DNS_BLOCK_ASSERTIONS=1";
				SDKROOT = iphoneos;
				VALIDATE_PRODUCT = YES;
			};
			name = Release;
		};
		D6C5B3D61684E7270071CFD3 /* Debug */ = {
			isa = XCBuildConfiguration;
			buildSettings = {
				GCC_PRECOMPILE_PREFIX_HEADER = YES;
				GCC_PREFIX_HEADER = "Agecel/Agecel-Prefix.pch";
				INFOPLIST_FILE = "Agecel/Agecel-Info.plist";
				PRODUCT_NAME = "$(TARGET_NAME)";
				WRAPPER_EXTENSION = app;
			};
			name = Debug;
		};
		D6C5B3D71684E7270071CFD3 /* Release */ = {
			isa = XCBuildConfiguration;
			buildSettings = {
				GCC_PRECOMPILE_PREFIX_HEADER = YES;
				GCC_PREFIX_HEADER = "Agecel/Agecel-Prefix.pch";
				INFOPLIST_FILE = "Agecel/Agecel-Info.plist";
				PRODUCT_NAME = "$(TARGET_NAME)";
				WRAPPER_EXTENSION = app;
			};
			name = Release;
		};
/* End XCBuildConfiguration section */

/* Begin XCConfigurationList section */
		D6C5B3A01684E7270071CFD3 /* Build configuration list for PBXProject "Agecel" */ = {
			isa = XCConfigurationList;
			buildConfigurations = (
				D6C5B3D31684E7270071CFD3 /* Debug */,
				D6C5B3D41684E7270071CFD3 /* Release */,
			);
			defaultConfigurationIsVisible = 0;
			defaultConfigurationName = Release;
		};
		D6C5B3D51684E7270071CFD3 /* Build configuration list for PBXNativeTarget "Agecel" */ = {
			isa = XCConfigurationList;
			buildConfigurations = (
				D6C5B3D61684E7270071CFD3 /* Debug */,
				D6C5B3D71684E7270071CFD3 /* Release */,
			);
			defaultConfigurationIsVisible = 0;
			defaultConfigurationName = Release;
		};
/* End XCConfigurationList section */
	};
	rootObject = D6C5B39D1684E7270071CFD3 /* Project object */;
}
